
Microsoft Visual Studio Solution File, Format Version 12.00
# Visual Studio Version 17
VisualStudioVersion = 17.4.33213.308
MinimumVisualStudioVersion = 10.0.40219.1
Project("{FAE04EC0-301F-11D3-BF4B-00C04F79EFBC}") = "GiftBox.Code", "GiftBox.Code.csproj", "{ADD35F37-32D6-4393-8470-D83BF06120E1}"
EndProject
Global
	GlobalSection(SolutionConfigurationPlatforms) = preSolution
		Debug|Any CPU = Debug|Any CPU
		Release|Any CPU = Release|Any CPU
	EndGlobalSection
	GlobalSection(ProjectConfigurationPlatforms) = postSolution
		{ADD35F37-32D6-4393-8470-D83BF06120E1}.Debug|Any CPU.ActiveCfg = Debug|Any CPU
		{ADD35F37-32D6-4393-8470-D83BF06120E1}.Debug|Any CPU.Build.0 = Debug|Any CPU
		{ADD35F37-32D6-4393-8470-D83BF06120E1}.Release|Any CPU.ActiveCfg = Release|Any CPU
		{ADD35F37-32D6-4393-8470-D83BF06120E1}.Release|Any CPU.Build.0 = Release|Any CPU
	EndGlobalSection
	GlobalSection(SolutionProperties) = preSolution
		HideSolutionNode = FALSE
	EndGlobalSection
	GlobalSection(ExtensibilityGlobals) = postSolution
		SolutionGuid = {B429C181-70CB-4935-97F4-2AB93D500420}
	EndGlobalSection
EndGlobal
